
Microsoft Visual Studio Solution File, Format Version 12.00
# Visual Studio 14
VisualStudioVersion = 14.0.25420.1
MinimumVisualStudioVersion = 10.0.40219.1
Project("{FAE04EC0-301F-11D3-BF4B-00C04F79EFBC}") = "web", "web\web.csproj", "{B612A3FD-20A3-44A5-95EA-0D374A989FFB}"
EndProject
Project("{FAE04EC0-301F-11D3-BF4B-00C04F79EFBC}") = "ClassLibrary", "ClassLibrary\ClassLibrary.csproj", "{550D265E-4AC1-466A-8360-48FEA9B8398E}"
EndProject
Project("{FAE04EC0-301F-11D3-BF4B-00C04F79EFBC}") = "Site", "Site\Site.csproj", "{10EC38D8-680C-4ED5-BA21-3EAADC09FA3D}"
EndProject
Global
	GlobalSection(SolutionConfigurationPlatforms) = preSolution
		Debug|Any CPU = Debug|Any CPU
		Release|Any CPU = Release|Any CPU
	EndGlobalSection
	GlobalSection(ProjectConfigurationPlatforms) = postSolution
		{B612A3FD-20A3-44A5-95EA-0D374A989FFB}.Debug|Any CPU.ActiveCfg = Debug|Any CPU
		{B612A3FD-20A3-44A5-95EA-0D374A989FFB}.Debug|Any CPU.Build.0 = Debug|Any CPU
		{B612A3FD-20A3-44A5-95EA-0D374A989FFB}.Release|Any CPU.ActiveCfg = Release|Any CPU
		{B612A3FD-20A3-44A5-95EA-0D374A989FFB}.Release|Any CPU.Build.0 = Release|Any CPU
		{550D265E-4AC1-466A-8360-48FEA9B8398E}.Debug|Any CPU.ActiveCfg = Debug|Any CPU
		{550D265E-4AC1-466A-8360-48FEA9B8398E}.Debug|Any CPU.Build.0 = Debug|Any CPU
		{550D265E-4AC1-466A-8360-48FEA9B8398E}.Release|Any CPU.ActiveCfg = Release|Any CPU
		{550D265E-4AC1-466A-8360-48FEA9B8398E}.Release|Any CPU.Build.0 = Release|Any CPU
		{10EC38D8-680C-4ED5-BA21-3EAADC09FA3D}.Debug|Any CPU.ActiveCfg = Debug|Any CPU
		{10EC38D8-680C-4ED5-BA21-3EAADC09FA3D}.Debug|Any CPU.Build.0 = Debug|Any CPU
		{10EC38D8-680C-4ED5-BA21-3EAADC09FA3D}.Release|Any CPU.ActiveCfg = Release|Any CPU
		{10EC38D8-680C-4ED5-BA21-3EAADC09FA3D}.Release|Any CPU.Build.0 = Release|Any CPU
	EndGlobalSection
	GlobalSection(SolutionProperties) = preSolution
		HideSolutionNode = FALSE
	EndGlobalSection
EndGlobal
